
Microsoft Visual Studio Solution File, Format Version 12.00
# Visual Studio 15
Project("{2150E333-8FDC-42A3-9474-1A3956D46DE8}") = "EduApp", "EduApp", "{C9D46D6B-8D98-4EE6-923B-3319ACD8287D}"
EndProject
Project("{FAE04EC0-301F-11D3-BF4B-00C04F79EFBC}") = "EduApp.Core", "EduApp\EduApp.Core\EduApp.Core.csproj", "{0E5D50DC-03DD-4DC8-99EE-09E82C3C6C26}"
EndProject
Project("{FAE04EC0-301F-11D3-BF4B-00C04F79EFBC}") = "EduApp.iOS", "EduApp\EduApp.iOS\EduApp.iOS.csproj", "{D1B04E34-25ED-4DA6-B27B-44B7B0890B40}"
EndProject
Project("{FAE04EC0-301F-11D3-BF4B-00C04F79EFBC}") = "EduApp.Droid", "EduApp\EduApp.Droid\EduApp.Droid.csproj", "{E1242373-E06A-49E4-9E7E-31B2BC57822E}"
EndProject
Project("{2150E333-8FDC-42A3-9474-1A3956D46DE8}") = "SharedActivities", "SharedActivities", "{254C9637-344C-41C6-9CDC-46F41313845B}"
EndProject
Project("{FAE04EC0-301F-11D3-BF4B-00C04F79EFBC}") = "SharedActivities.Core", "SharedActivities\SharedActivities.Core\SharedActivities.Core.csproj", "{5B9ABEB5-ADF3-4ED6-A590-D4EF861A143A}"
EndProject
Project("{FAE04EC0-301F-11D3-BF4B-00C04F79EFBC}") = "SharedActivities.iOS", "SharedActivities\SharedActivities.iOS\SharedActivities.iOS.csproj", "{51419C38-C176-4149-A69F-17246595E1EF}"
EndProject
Project("{FAE04EC0-301F-11D3-BF4B-00C04F79EFBC}") = "SharedActivities.Droid", "SharedActivities\SharedActivities.Droid\SharedActivities.Droid.csproj", "{610F5BA4-E1FB-492A-A3B6-1A536907AA7C}"
EndProject
Global
	GlobalSection(SolutionConfigurationPlatforms) = preSolution
		Debug|Any CPU = Debug|Any CPU
		Release|Any CPU = Release|Any CPU
		Debug|iPhoneSimulator = Debug|iPhoneSimulator
		Release|iPhone = Release|iPhone
		Release|iPhoneSimulator = Release|iPhoneSimulator
		Debug|iPhone = Debug|iPhone
		Debug-TestServer|Any CPU = Debug-TestServer|Any CPU
	EndGlobalSection
	GlobalSection(ProjectConfigurationPlatforms) = postSolution
		{0E5D50DC-03DD-4DC8-99EE-09E82C3C6C26}.Debug|Any CPU.ActiveCfg = Debug|Any CPU
		{0E5D50DC-03DD-4DC8-99EE-09E82C3C6C26}.Debug|Any CPU.Build.0 = Debug|Any CPU
		{0E5D50DC-03DD-4DC8-99EE-09E82C3C6C26}.Release|Any CPU.ActiveCfg = Release|Any CPU
		{0E5D50DC-03DD-4DC8-99EE-09E82C3C6C26}.Release|Any CPU.Build.0 = Release|Any CPU
		{0E5D50DC-03DD-4DC8-99EE-09E82C3C6C26}.Debug|iPhoneSimulator.ActiveCfg = Debug|Any CPU
		{0E5D50DC-03DD-4DC8-99EE-09E82C3C6C26}.Debug|iPhoneSimulator.Build.0 = Debug|Any CPU
		{0E5D50DC-03DD-4DC8-99EE-09E82C3C6C26}.Release|iPhone.ActiveCfg = Release|Any CPU
		{0E5D50DC-03DD-4DC8-99EE-09E82C3C6C26}.Release|iPhone.Build.0 = Release|Any CPU
		{0E5D50DC-03DD-4DC8-99EE-09E82C3C6C26}.Release|iPhoneSimulator.ActiveCfg = Release|Any CPU
		{0E5D50DC-03DD-4DC8-99EE-09E82C3C6C26}.Release|iPhoneSimulator.Build.0 = Release|Any CPU
		{0E5D50DC-03DD-4DC8-99EE-09E82C3C6C26}.Debug|iPhone.ActiveCfg = Debug|Any CPU
		{0E5D50DC-03DD-4DC8-99EE-09E82C3C6C26}.Debug|iPhone.Build.0 = Debug|Any CPU
		{0E5D50DC-03DD-4DC8-99EE-09E82C3C6C26}.Debug-TestServer|Any CPU.ActiveCfg = Debug|Any CPU
		{0E5D50DC-03DD-4DC8-99EE-09E82C3C6C26}.Debug-TestServer|Any CPU.Build.0 = Debug|Any CPU
		{D1B04E34-25ED-4DA6-B27B-44B7B0890B40}.Debug|Any CPU.ActiveCfg = Debug|iPhoneSimulator
		{D1B04E34-25ED-4DA6-B27B-44B7B0890B40}.Debug|Any CPU.Build.0 = Debug|iPhoneSimulator
		{D1B04E34-25ED-4DA6-B27B-44B7B0890B40}.Release|Any CPU.ActiveCfg = Release|iPhoneSimulator
		{D1B04E34-25ED-4DA6-B27B-44B7B0890B40}.Release|Any CPU.Build.0 = Release|iPhoneSimulator
		{D1B04E34-25ED-4DA6-B27B-44B7B0890B40}.Debug|iPhoneSimulator.ActiveCfg = Debug|iPhoneSimulator
		{D1B04E34-25ED-4DA6-B27B-44B7B0890B40}.Debug|iPhoneSimulator.Build.0 = Debug|iPhoneSimulator
		{D1B04E34-25ED-4DA6-B27B-44B7B0890B40}.Release|iPhone.ActiveCfg = Release|iPhone
		{D1B04E34-25ED-4DA6-B27B-44B7B0890B40}.Release|iPhone.Build.0 = Release|iPhone
		{D1B04E34-25ED-4DA6-B27B-44B7B0890B40}.Release|iPhoneSimulator.ActiveCfg = Release|iPhoneSimulator
		{D1B04E34-25ED-4DA6-B27B-44B7B0890B40}.Release|iPhoneSimulator.Build.0 = Release|iPhoneSimulator
		{D1B04E34-25ED-4DA6-B27B-44B7B0890B40}.Debug|iPhone.ActiveCfg = Debug|iPhone
		{D1B04E34-25ED-4DA6-B27B-44B7B0890B40}.Debug|iPhone.Build.0 = Debug|iPhone
		{D1B04E34-25ED-4DA6-B27B-44B7B0890B40}.Debug-TestServer|Any CPU.ActiveCfg = Debug|iPhoneSimulator
		{D1B04E34-25ED-4DA6-B27B-44B7B0890B40}.Debug-TestServer|Any CPU.Build.0 = Debug|iPhoneSimulator
		{E1242373-E06A-49E4-9E7E-31B2BC57822E}.Debug|Any CPU.ActiveCfg = Debug|Any CPU
		{E1242373-E06A-49E4-9E7E-31B2BC57822E}.Debug|Any CPU.Build.0 = Debug|Any CPU
		{E1242373-E06A-49E4-9E7E-31B2BC57822E}.Release|Any CPU.ActiveCfg = Release|Any CPU
		{E1242373-E06A-49E4-9E7E-31B2BC57822E}.Release|Any CPU.Build.0 = Release|Any CPU
		{E1242373-E06A-49E4-9E7E-31B2BC57822E}.Debug|iPhoneSimulator.ActiveCfg = Debug|Any CPU
		{E1242373-E06A-49E4-9E7E-31B2BC57822E}.Debug|iPhoneSimulator.Build.0 = Debug|Any CPU
		{E1242373-E06A-49E4-9E7E-31B2BC57822E}.Release|iPhone.ActiveCfg = Release|Any CPU
		{E1242373-E06A-49E4-9E7E-31B2BC57822E}.Release|iPhone.Build.0 = Release|Any CPU
		{E1242373-E06A-49E4-9E7E-31B2BC57822E}.Release|iPhoneSimulator.ActiveCfg = Release|Any CPU
		{E1242373-E06A-49E4-9E7E-31B2BC57822E}.Release|iPhoneSimulator.Build.0 = Release|Any CPU
		{E1242373-E06A-49E4-9E7E-31B2BC57822E}.Debug|iPhone.ActiveCfg = Debug|Any CPU
		{E1242373-E06A-49E4-9E7E-31B2BC57822E}.Debug|iPhone.Build.0 = Debug|Any CPU
		{E1242373-E06A-49E4-9E7E-31B2BC57822E}.Debug-TestServer|Any CPU.ActiveCfg = Debug|Any CPU
		{E1242373-E06A-49E4-9E7E-31B2BC57822E}.Debug-TestServer|Any CPU.Build.0 = Debug|Any CPU
		{5B9ABEB5-ADF3-4ED6-A590-D4EF861A143A}.Debug|Any CPU.ActiveCfg = Debug|Any CPU
		{5B9ABEB5-ADF3-4ED6-A590-D4EF861A143A}.Debug|Any CPU.Build.0 = Debug|Any CPU
		{5B9ABEB5-ADF3-4ED6-A590-D4EF861A143A}.Release|Any CPU.ActiveCfg = Release|Any CPU
		{5B9ABEB5-ADF3-4ED6-A590-D4EF861A143A}.Release|Any CPU.Build.0 = Release|Any CPU
		{5B9ABEB5-ADF3-4ED6-A590-D4EF861A143A}.Debug|iPhoneSimulator.ActiveCfg = Debug|Any CPU
		{5B9ABEB5-ADF3-4ED6-A590-D4EF861A143A}.Debug|iPhoneSimulator.Build.0 = Debug|Any CPU
		{5B9ABEB5-ADF3-4ED6-A590-D4EF861A143A}.Release|iPhone.ActiveCfg = Release|Any CPU
		{5B9ABEB5-ADF3-4ED6-A590-D4EF861A143A}.Release|iPhone.Build.0 = Release|Any CPU
		{5B9ABEB5-ADF3-4ED6-A590-D4EF861A143A}.Release|iPhoneSimulator.ActiveCfg = Release|Any CPU
		{5B9ABEB5-ADF3-4ED6-A590-D4EF861A143A}.Release|iPhoneSimulator.Build.0 = Release|Any CPU
		{5B9ABEB5-ADF3-4ED6-A590-D4EF861A143A}.Debug|iPhone.ActiveCfg = Debug|Any CPU
		{5B9ABEB5-ADF3-4ED6-A590-D4EF861A143A}.Debug|iPhone.Build.0 = Debug|Any CPU
		{5B9ABEB5-ADF3-4ED6-A590-D4EF861A143A}.Debug-TestServer|Any CPU.ActiveCfg = Debug|Any CPU
		{5B9ABEB5-ADF3-4ED6-A590-D4EF861A143A}.Debug-TestServer|Any CPU.Build.0 = Debug|Any CPU
		{51419C38-C176-4149-A69F-17246595E1EF}.Debug|Any CPU.ActiveCfg = Debug|Any CPU
		{51419C38-C176-4149-A69F-17246595E1EF}.Debug|Any CPU.Build.0 = Debug|Any CPU
		{51419C38-C176-4149-A69F-17246595E1EF}.Release|Any CPU.ActiveCfg = Release|Any CPU
		{51419C38-C176-4149-A69F-17246595E1EF}.Release|Any CPU.Build.0 = Release|Any CPU
		{51419C38-C176-4149-A69F-17246595E1EF}.Debug|iPhoneSimulator.ActiveCfg = Debug|Any CPU
		{51419C38-C176-4149-A69F-17246595E1EF}.Debug|iPhoneSimulator.Build.0 = Debug|Any CPU
		{51419C38-C176-4149-A69F-17246595E1EF}.Release|iPhone.ActiveCfg = Release|Any CPU
		{51419C38-C176-4149-A69F-17246595E1EF}.Release|iPhone.Build.0 = Release|Any CPU
		{51419C38-C176-4149-A69F-17246595E1EF}.Release|iPhoneSimulator.ActiveCfg = Release|Any CPU
		{51419C38-C176-4149-A69F-17246595E1EF}.Release|iPhoneSimulator.Build.0 = Release|Any CPU
		{51419C38-C176-4149-A69F-17246595E1EF}.Debug|iPhone.ActiveCfg = Debug|Any CPU
		{51419C38-C176-4149-A69F-17246595E1EF}.Debug|iPhone.Build.0 = Debug|Any CPU
		{51419C38-C176-4149-A69F-17246595E1EF}.Debug-TestServer|Any CPU.ActiveCfg = Debug|Any CPU
		{51419C38-C176-4149-A69F-17246595E1EF}.Debug-TestServer|Any CPU.Build.0 = Debug|Any CPU
		{610F5BA4-E1FB-492A-A3B6-1A536907AA7C}.Debug|Any CPU.ActiveCfg = Debug|Any CPU
		{610F5BA4-E1FB-492A-A3B6-1A536907AA7C}.Debug|Any CPU.Build.0 = Debug|Any CPU
		{610F5BA4-E1FB-492A-A3B6-1A536907AA7C}.Release|Any CPU.ActiveCfg = Release|Any CPU
		{610F5BA4-E1FB-492A-A3B6-1A536907AA7C}.Release|Any CPU.Build.0 = Release|Any CPU
		{610F5BA4-E1FB-492A-A3B6-1A536907AA7C}.Debug|iPhoneSimulator.ActiveCfg = Debug|Any CPU
		{610F5BA4-E1FB-492A-A3B6-1A536907AA7C}.Debug|iPhoneSimulator.Build.0 = Debug|Any CPU
		{610F5BA4-E1FB-492A-A3B6-1A536907AA7C}.Release|iPhone.ActiveCfg = Release|Any CPU
		{610F5BA4-E1FB-492A-A3B6-1A536907AA7C}.Release|iPhone.Build.0 = Release|Any CPU
		{610F5BA4-E1FB-492A-A3B6-1A536907AA7C}.Release|iPhoneSimulator.ActiveCfg = Release|Any CPU
		{610F5BA4-E1FB-492A-A3B6-1A536907AA7C}.Release|iPhoneSimulator.Build.0 = Release|Any CPU
		{610F5BA4-E1FB-492A-A3B6-1A536907AA7C}.Debug|iPhone.ActiveCfg = Debug|Any CPU
		{610F5BA4-E1FB-492A-A3B6-1A536907AA7C}.Debug|iPhone.Build.0 = Debug|Any CPU
		{610F5BA4-E1FB-492A-A3B6-1A536907AA7C}.Debug-TestServer|Any CPU.ActiveCfg = Debug|Any CPU
		{610F5BA4-E1FB-492A-A3B6-1A536907AA7C}.Debug-TestServer|Any CPU.Build.0 = Debug|Any CPU
	EndGlobalSection
	GlobalSection(NestedProjects) = preSolution
		{0E5D50DC-03DD-4DC8-99EE-09E82C3C6C26} = {C9D46D6B-8D98-4EE6-923B-3319ACD8287D}
		{D1B04E34-25ED-4DA6-B27B-44B7B0890B40} = {C9D46D6B-8D98-4EE6-923B-3319ACD8287D}
		{E1242373-E06A-49E4-9E7E-31B2BC57822E} = {C9D46D6B-8D98-4EE6-923B-3319ACD8287D}
		{5B9ABEB5-ADF3-4ED6-A590-D4EF861A143A} = {254C9637-344C-41C6-9CDC-46F41313845B}
		{51419C38-C176-4149-A69F-17246595E1EF} = {254C9637-344C-41C6-9CDC-46F41313845B}
		{610F5BA4-E1FB-492A-A3B6-1A536907AA7C} = {254C9637-344C-41C6-9CDC-46F41313845B}
	EndGlobalSection
EndGlobal
